
Microsoft Visual Studio Solution File, Format Version 12.00
# Visual Studio Version 17
VisualStudioVersion = 17.0.31903.59
MinimumVisualStudioVersion = 10.0.40219.1
Project("{8BC9CEB8-8B4A-11D0-8D11-00A0C91BC942}") = "AbstractBaseClass", "AbstractBaseClass\AbstractBaseClass.vcxproj", "{A200ACB6-9899-4F10-8F31-0A23F4215CCB}"
EndProject
Project("{8BC9CEB8-8B4A-11D0-8D11-00A0C91BC942}") = "AbstractGeometry", "AbstractGeometry\AbstractGeometry.vcxproj", "{7CDC1170-0E12-4781-8EF7-3F8C2FF09372}"
EndProject
Global
	GlobalSection(SolutionConfigurationPlatforms) = preSolution
		Debug|x64 = Debug|x64
		Debug|x86 = Debug|x86
		Release|x64 = Release|x64
		Release|x86 = Release|x86
	EndGlobalSection
	GlobalSection(ProjectConfigurationPlatforms) = postSolution
		{A200ACB6-9899-4F10-8F31-0A23F4215CCB}.Debug|x64.ActiveCfg = Debug|x64
		{A200ACB6-9899-4F10-8F31-0A23F4215CCB}.Debug|x64.Build.0 = Debug|x64
		{A200ACB6-9899-4F10-8F31-0A23F4215CCB}.Debug|x86.ActiveCfg = Debug|Win32
		{A200ACB6-9899-4F10-8F31-0A23F4215CCB}.Debug|x86.Build.0 = Debug|Win32
		{A200ACB6-9899-4F10-8F31-0A23F4215CCB}.Release|x64.ActiveCfg = Release|x64
		{A200ACB6-9899-4F10-8F31-0A23F4215CCB}.Release|x64.Build.0 = Release|x64
		{A200ACB6-9899-4F10-8F31-0A23F4215CCB}.Release|x86.ActiveCfg = Release|Win32
		{A200ACB6-9899-4F10-8F31-0A23F4215CCB}.Release|x86.Build.0 = Release|Win32
		{7CDC1170-0E12-4781-8EF7-3F8C2FF09372}.Debug|x64.ActiveCfg = Debug|x64
		{7CDC1170-0E12-4781-8EF7-3F8C2FF09372}.Debug|x64.Build.0 = Debug|x64
		{7CDC1170-0E12-4781-8EF7-3F8C2FF09372}.Debug|x86.ActiveCfg = Debug|Win32
		{7CDC1170-0E12-4781-8EF7-3F8C2FF09372}.Debug|x86.Build.0 = Debug|Win32
		{7CDC1170-0E12-4781-8EF7-3F8C2FF09372}.Release|x64.ActiveCfg = Release|x64
		{7CDC1170-0E12-4781-8EF7-3F8C2FF09372}.Release|x64.Build.0 = Release|x64
		{7CDC1170-0E12-4781-8EF7-3F8C2FF09372}.Release|x86.ActiveCfg = Release|Win32
		{7CDC1170-0E12-4781-8EF7-3F8C2FF09372}.Release|x86.Build.0 = Release|Win32
	EndGlobalSection
	GlobalSection(SolutionProperties) = preSolution
		HideSolutionNode = FALSE
	EndGlobalSection
	GlobalSection(ExtensibilityGlobals) = postSolution
		SolutionGuid = {BF10865D-E0E5-4810-9F01-436652DF7A0B}
	EndGlobalSection
EndGlobal
